
Microsoft Visual Studio Solution File, Format Version 12.00
# Visual Studio Version 17
VisualStudioVersion = 17.11.35327.3
MinimumVisualStudioVersion = 10.0.40219.1
Project("{FAE04EC0-301F-11D3-BF4B-00C04F79EFBC}") = "PracticeStack0", "PracticeStack0\PracticeStack0.csproj", "{10BAC1DC-A9AD-4CB2-94FA-FA6D58913883}"
EndProject
Global
	GlobalSection(SolutionConfigurationPlatforms) = preSolution
		Debug|Any CPU = Debug|Any CPU
		Release|Any CPU = Release|Any CPU
	EndGlobalSection
	GlobalSection(ProjectConfigurationPlatforms) = postSolution
		{10BAC1DC-A9AD-4CB2-94FA-FA6D58913883}.Debug|Any CPU.ActiveCfg = Debug|Any CPU
		{10BAC1DC-A9AD-4CB2-94FA-FA6D58913883}.Debug|Any CPU.Build.0 = Debug|Any CPU
		{10BAC1DC-A9AD-4CB2-94FA-FA6D58913883}.Release|Any CPU.ActiveCfg = Release|Any CPU
		{10BAC1DC-A9AD-4CB2-94FA-FA6D58913883}.Release|Any CPU.Build.0 = Release|Any CPU
	EndGlobalSection
	GlobalSection(SolutionProperties) = preSolution
		HideSolutionNode = FALSE
	EndGlobalSection
	GlobalSection(ExtensibilityGlobals) = postSolution
		SolutionGuid = {B7C1D369-A086-4127-A2F0-E2EC9346C28F}
	EndGlobalSection
EndGlobal
